dependencies:
- name: common
  repository: https://charts.bitnami.com/bitnami
  version: 2.13.3
- name: jaeger
  repository: https://jaegertracing.github.io/helm-charts/
  version: 0.72.1
- name: redis
  repository: https://charts.bitnami.com/bitnami
  version: 18.3.3
digest: sha256:81ab8e4f278155867dd98484d45c4a93bcd69ffd2c16bb07d93f3212fe46149f
generated: "2023-12-05T18:02:18.758873+08:00"
