dependencies:
- name: common
  repository: https://charts.bitnami.com/bitnami
  version: 2.13.3
- name: jaeger
  repository: https://jaegertracing.github.io/helm-charts/
  version: 0.72.1
- name: redis
  repository: https://charts.bitnami.com/bitnami
  version: 18.3.3
digest: sha256:2af60aea1732a90aa0bb23ba04ad57f2afebc465eff9daa1267c9d7830b78bcf
generated: "2023-11-24T16:30:32.91023+08:00"
